
Microsoft Visual Studio Solution File, Format Version 12.00
# Visual Studio 15
VisualStudioVersion = 15.0.28307.271
MinimumVisualStudioVersion = 10.0.40219.1
Project("{FAE04EC0-301F-11D3-BF4B-00C04F79EFBC}") = "voitho.Android", "voitho\voitho.Android\voitho.Android.csproj", "{324313AA-60EE-45FA-A74D-3D1C647B9D1E}"
EndProject
Project("{FAE04EC0-301F-11D3-BF4B-00C04F79EFBC}") = "voitho.iOS", "voitho\voitho.iOS\voitho.iOS.csproj", "{3F9912F2-10F1-4847-9A5E-F312DD2A63E2}"
EndProject
Project("{FAE04EC0-301F-11D3-BF4B-00C04F79EFBC}") = "voitho.UWP", "voitho\voitho.UWP\voitho.UWP.csproj", "{C45A409A-331F-4BF8-B44B-0C550ED48B7B}"
EndProject
Project("{FAE04EC0-301F-11D3-BF4B-00C04F79EFBC}") = "voitho", "voitho\voitho\voitho.csproj", "{500550E8-9926-485E-8369-97BABD80C0F2}"
EndProject
Global
	GlobalSection(SolutionConfigurationPlatforms) = preSolution
		Ad-Hoc|Any CPU = Ad-Hoc|Any CPU
		Ad-Hoc|ARM = Ad-Hoc|ARM
		Ad-Hoc|iPhone = Ad-Hoc|iPhone
		Ad-Hoc|iPhoneSimulator = Ad-Hoc|iPhoneSimulator
		Ad-Hoc|x64 = Ad-Hoc|x64
		Ad-Hoc|x86 = Ad-Hoc|x86
		AppStore|Any CPU = AppStore|Any CPU
		AppStore|ARM = AppStore|ARM
		AppStore|iPhone = AppStore|iPhone
		AppStore|iPhoneSimulator = AppStore|iPhoneSimulator
		AppStore|x64 = AppStore|x64
		AppStore|x86 = AppStore|x86
		Debug|Any CPU = Debug|Any CPU
		Debug|ARM = Debug|ARM
		Debug|iPhone = Debug|iPhone
		Debug|iPhoneSimulator = Debug|iPhoneSimulator
		Debug|x64 = Debug|x64
		Debug|x86 = Debug|x86
		Release|Any CPU = Release|Any CPU
		Release|ARM = Release|ARM
		Release|iPhone = Release|iPhone
		Release|iPhoneSimulator = Release|iPhoneSimulator
		Release|x64 = Release|x64
		Release|x86 = Release|x86
	EndGlobalSection
	GlobalSection(ProjectConfigurationPlatforms) = postSolution
		{324313AA-60EE-45FA-A74D-3D1C647B9D1E}.Ad-Hoc|Any CPU.ActiveCfg = Release|Any CPU
		{324313AA-60EE-45FA-A74D-3D1C647B9D1E}.Ad-Hoc|Any CPU.Build.0 = Release|Any CPU
		{324313AA-60EE-45FA-A74D-3D1C647B9D1E}.Ad-Hoc|Any CPU.Deploy.0 = Release|Any CPU
		{324313AA-60EE-45FA-A74D-3D1C647B9D1E}.Ad-Hoc|ARM.ActiveCfg = Release|Any CPU
		{324313AA-60EE-45FA-A74D-3D1C647B9D1E}.Ad-Hoc|ARM.Build.0 = Release|Any CPU
		{324313AA-60EE-45FA-A74D-3D1C647B9D1E}.Ad-Hoc|ARM.Deploy.0 = Release|Any CPU
		{324313AA-60EE-45FA-A74D-3D1C647B9D1E}.Ad-Hoc|iPhone.ActiveCfg = Release|Any CPU
		{324313AA-60EE-45FA-A74D-3D1C647B9D1E}.Ad-Hoc|iPhone.Build.0 = Release|Any CPU
		{324313AA-60EE-45FA-A74D-3D1C647B9D1E}.Ad-Hoc|iPhone.Deploy.0 = Release|Any CPU
		{324313AA-60EE-45FA-A74D-3D1C647B9D1E}.Ad-Hoc|iPhoneSimulator.ActiveCfg = Release|Any CPU
		{324313AA-60EE-45FA-A74D-3D1C647B9D1E}.Ad-Hoc|iPhoneSimulator.Build.0 = Release|Any CPU
		{324313AA-60EE-45FA-A74D-3D1C647B9D1E}.Ad-Hoc|iPhoneSimulator.Deploy.0 = Release|Any CPU
		{324313AA-60EE-45FA-A74D-3D1C647B9D1E}.Ad-Hoc|x64.ActiveCfg = Release|Any CPU
		{324313AA-60EE-45FA-A74D-3D1C647B9D1E}.Ad-Hoc|x64.Build.0 = Release|Any CPU
		{324313AA-60EE-45FA-A74D-3D1C647B9D1E}.Ad-Hoc|x64.Deploy.0 = Release|Any CPU
		{324313AA-60EE-45FA-A74D-3D1C647B9D1E}.Ad-Hoc|x86.ActiveCfg = Release|Any CPU
		{324313AA-60EE-45FA-A74D-3D1C647B9D1E}.Ad-Hoc|x86.Build.0 = Release|Any CPU
		{324313AA-60EE-45FA-A74D-3D1C647B9D1E}.Ad-Hoc|x86.Deploy.0 = Release|Any CPU
		{324313AA-60EE-45FA-A74D-3D1C647B9D1E}.AppStore|Any CPU.ActiveCfg = Release|Any CPU
		{324313AA-60EE-45FA-A74D-3D1C647B9D1E}.AppStore|Any CPU.Build.0 = Release|Any CPU
		{324313AA-60EE-45FA-A74D-3D1C647B9D1E}.AppStore|Any CPU.Deploy.0 = Release|Any CPU
		{324313AA-60EE-45FA-A74D-3D1C647B9D1E}.AppStore|ARM.ActiveCfg = Release|Any CPU
		{324313AA-60EE-45FA-A74D-3D1C647B9D1E}.AppStore|ARM.Build.0 = Release|Any CPU
		{324313AA-60EE-45FA-A74D-3D1C647B9D1E}.AppStore|ARM.Deploy.0 = Release|Any CPU
		{324313AA-60EE-45FA-A74D-3D1C647B9D1E}.AppStore|iPhone.ActiveCfg = Release|Any CPU
		{324313AA-60EE-45FA-A74D-3D1C647B9D1E}.AppStore|iPhone.Build.0 = Release|Any CPU
		{324313AA-60EE-45FA-A74D-3D1C647B9D1E}.AppStore|iPhone.Deploy.0 = Release|Any CPU
		{324313AA-60EE-45FA-A74D-3D1C647B9D1E}.AppStore|iPhoneSimulator.ActiveCfg = Release|Any CPU
		{324313AA-60EE-45FA-A74D-3D1C647B9D1E}.AppStore|iPhoneSimulator.Build.0 = Release|Any CPU
		{324313AA-60EE-45FA-A74D-3D1C647B9D1E}.AppStore|iPhoneSimulator.Deploy.0 = Release|Any CPU
		{324313AA-60EE-45FA-A74D-3D1C647B9D1E}.AppStore|x64.ActiveCfg = Release|Any CPU
		{324313AA-60EE-45FA-A74D-3D1C647B9D1E}.AppStore|x64.Build.0 = Release|Any CPU
		{324313AA-60EE-45FA-A74D-3D1C647B9D1E}.AppStore|x64.Deploy.0 = Release|Any CPU
		{324313AA-60EE-45FA-A74D-3D1C647B9D1E}.AppStore|x86.ActiveCfg = Release|Any CPU
		{324313AA-60EE-45FA-A74D-3D1C647B9D1E}.AppStore|x86.Build.0 = Release|Any CPU
		{324313AA-60EE-45FA-A74D-3D1C647B9D1E}.AppStore|x86.Deploy.0 = Release|Any CPU
		{324313AA-60EE-45FA-A74D-3D1C647B9D1E}.Debug|Any CPU.ActiveCfg = Debug|Any CPU
		{324313AA-60EE-45FA-A74D-3D1C647B9D1E}.Debug|Any CPU.Build.0 = Debug|Any CPU
		{324313AA-60EE-45FA-A74D-3D1C647B9D1E}.Debug|Any CPU.Deploy.0 = Debug|Any CPU
		{324313AA-60EE-45FA-A74D-3D1C647B9D1E}.Debug|ARM.ActiveCfg = Debug|Any CPU
		{324313AA-60EE-45FA-A74D-3D1C647B9D1E}.Debug|ARM.Build.0 = Debug|Any CPU
		{324313AA-60EE-45FA-A74D-3D1C647B9D1E}.Debug|ARM.Deploy.0 = Debug|Any CPU
		{324313AA-60EE-45FA-A74D-3D1C647B9D1E}.Debug|iPhone.ActiveCfg = Debug|Any CPU
		{324313AA-60EE-45FA-A74D-3D1C647B9D1E}.Debug|iPhone.Build.0 = Debug|Any CPU
		{324313AA-60EE-45FA-A74D-3D1C647B9D1E}.Debug|iPhone.Deploy.0 = Debug|Any CPU
		{324313AA-60EE-45FA-A74D-3D1C647B9D1E}.Debug|iPhoneSimulator.ActiveCfg = Debug|Any CPU
		{324313AA-60EE-45FA-A74D-3D1C647B9D1E}.Debug|iPhoneSimulator.Build.0 = Debug|Any CPU
		{324313AA-60EE-45FA-A74D-3D1C647B9D1E}.Debug|iPhoneSimulator.Deploy.0 = Debug|Any CPU
		{324313AA-60EE-45FA-A74D-3D1C647B9D1E}.Debug|x64.ActiveCfg = Debug|Any CPU
		{324313AA-60EE-45FA-A74D-3D1C647B9D1E}.Debug|x64.Build.0 = Debug|Any CPU
		{324313AA-60EE-45FA-A74D-3D1C647B9D1E}.Debug|x64.Deploy.0 = Debug|Any CPU
		{324313AA-60EE-45FA-A74D-3D1C647B9D1E}.Debug|x86.ActiveCfg = Debug|Any CPU
		{324313AA-60EE-45FA-A74D-3D1C647B9D1E}.Debug|x86.Build.0 = Debug|Any CPU
		{324313AA-60EE-45FA-A74D-3D1C647B9D1E}.Debug|x86.Deploy.0 = Debug|Any CPU
		{324313AA-60EE-45FA-A74D-3D1C647B9D1E}.Release|Any CPU.ActiveCfg = Release|Any CPU
		{324313AA-60EE-45FA-A74D-3D1C647B9D1E}.Release|Any CPU.Build.0 = Release|Any CPU
		{324313AA-60EE-45FA-A74D-3D1C647B9D1E}.Release|Any CPU.Deploy.0 = Release|Any CPU
		{324313AA-60EE-45FA-A74D-3D1C647B9D1E}.Release|ARM.ActiveCfg = Release|Any CPU
		{324313AA-60EE-45FA-A74D-3D1C647B9D1E}.Release|ARM.Build.0 = Release|Any CPU
		{324313AA-60EE-45FA-A74D-3D1C647B9D1E}.Release|ARM.Deploy.0 = Release|Any CPU
		{324313AA-60EE-45FA-A74D-3D1C647B9D1E}.Release|iPhone.ActiveCfg = Release|Any CPU
		{324313AA-60EE-45FA-A74D-3D1C647B9D1E}.Release|iPhone.Build.0 = Release|Any CPU
		{324313AA-60EE-45FA-A74D-3D1C647B9D1E}.Release|iPhone.Deploy.0 = Release|Any CPU
		{324313AA-60EE-45FA-A74D-3D1C647B9D1E}.Release|iPhoneSimulator.ActiveCfg = Release|Any CPU
		{324313AA-60EE-45FA-A74D-3D1C647B9D1E}.Release|iPhoneSimulator.Build.0 = Release|Any CPU
		{324313AA-60EE-45FA-A74D-3D1C647B9D1E}.Release|iPhoneSimulator.Deploy.0 = Release|Any CPU
		{324313AA-60EE-45FA-A74D-3D1C647B9D1E}.Release|x64.ActiveCfg = Release|Any CPU
		{324313AA-60EE-45FA-A74D-3D1C647B9D1E}.Release|x64.Build.0 = Release|Any CPU
		{324313AA-60EE-45FA-A74D-3D1C647B9D1E}.Release|x64.Deploy.0 = Release|Any CPU
		{324313AA-60EE-45FA-A74D-3D1C647B9D1E}.Release|x86.ActiveCfg = Release|Any CPU
		{324313AA-60EE-45FA-A74D-3D1C647B9D1E}.Release|x86.Build.0 = Release|Any CPU
		{324313AA-60EE-45FA-A74D-3D1C647B9D1E}.Release|x86.Deploy.0 = Release|Any CPU
		{3F9912F2-10F1-4847-9A5E-F312DD2A63E2}.Ad-Hoc|Any CPU.ActiveCfg = Ad-Hoc|iPhone
		{3F9912F2-10F1-4847-9A5E-F312DD2A63E2}.Ad-Hoc|Any CPU.Build.0 = Ad-Hoc|iPhone
		{3F9912F2-10F1-4847-9A5E-F312DD2A63E2}.Ad-Hoc|Any CPU.Deploy.0 = Ad-Hoc|iPhone
		{3F9912F2-10F1-4847-9A5E-F312DD2A63E2}.Ad-Hoc|ARM.ActiveCfg = Ad-Hoc|iPhone
		{3F9912F2-10F1-4847-9A5E-F312DD2A63E2}.Ad-Hoc|ARM.Build.0 = Ad-Hoc|iPhone
		{3F9912F2-10F1-4847-9A5E-F312DD2A63E2}.Ad-Hoc|ARM.Deploy.0 = Ad-Hoc|iPhone
		{3F9912F2-10F1-4847-9A5E-F312DD2A63E2}.Ad-Hoc|iPhone.ActiveCfg = Ad-Hoc|iPhone
		{3F9912F2-10F1-4847-9A5E-F312DD2A63E2}.Ad-Hoc|iPhone.Build.0 = Ad-Hoc|iPhone
		{3F9912F2-10F1-4847-9A5E-F312DD2A63E2}.Ad-Hoc|iPhone.Deploy.0 = Ad-Hoc|iPhone
		{3F9912F2-10F1-4847-9A5E-F312DD2A63E2}.Ad-Hoc|iPhoneSimulator.ActiveCfg = Ad-Hoc|iPhoneSimulator
		{3F9912F2-10F1-4847-9A5E-F312DD2A63E2}.Ad-Hoc|iPhoneSimulator.Build.0 = Ad-Hoc|iPhoneSimulator
		{3F9912F2-10F1-4847-9A5E-F312DD2A63E2}.Ad-Hoc|iPhoneSimulator.Deploy.0 = Ad-Hoc|iPhoneSimulator
		{3F9912F2-10F1-4847-9A5E-F312DD2A63E2}.Ad-Hoc|x64.ActiveCfg = Ad-Hoc|iPhone
		{3F9912F2-10F1-4847-9A5E-F312DD2A63E2}.Ad-Hoc|x64.Build.0 = Ad-Hoc|iPhone
		{3F9912F2-10F1-4847-9A5E-F312DD2A63E2}.Ad-Hoc|x64.Deploy.0 = Ad-Hoc|iPhone
		{3F9912F2-10F1-4847-9A5E-F312DD2A63E2}.Ad-Hoc|x86.ActiveCfg = Ad-Hoc|iPhone
		{3F9912F2-10F1-4847-9A5E-F312DD2A63E2}.Ad-Hoc|x86.Build.0 = Ad-Hoc|iPhone
		{3F9912F2-10F1-4847-9A5E-F312DD2A63E2}.Ad-Hoc|x86.Deploy.0 = Ad-Hoc|iPhone
		{3F9912F2-10F1-4847-9A5E-F312DD2A63E2}.AppStore|Any CPU.ActiveCfg = AppStore|iPhone
		{3F9912F2-10F1-4847-9A5E-F312DD2A63E2}.AppStore|Any CPU.Build.0 = AppStore|iPhone
		{3F9912F2-10F1-4847-9A5E-F312DD2A63E2}.AppStore|Any CPU.Deploy.0 = AppStore|iPhone
		{3F9912F2-10F1-4847-9A5E-F312DD2A63E2}.AppStore|ARM.ActiveCfg = AppStore|iPhone
		{3F9912F2-10F1-4847-9A5E-F312DD2A63E2}.AppStore|ARM.Build.0 = AppStore|iPhone
		{3F9912F2-10F1-4847-9A5E-F312DD2A63E2}.AppStore|ARM.Deploy.0 = AppStore|iPhone
		{3F9912F2-10F1-4847-9A5E-F312DD2A63E2}.AppStore|iPhone.ActiveCfg = AppStore|iPhone
		{3F9912F2-10F1-4847-9A5E-F312DD2A63E2}.AppStore|iPhone.Build.0 = AppStore|iPhone
		{3F9912F2-10F1-4847-9A5E-F312DD2A63E2}.AppStore|iPhone.Deploy.0 = AppStore|iPhone
		{3F9912F2-10F1-4847-9A5E-F312DD2A63E2}.AppStore|iPhoneSimulator.ActiveCfg = AppStore|iPhoneSimulator
		{3F9912F2-10F1-4847-9A5E-F312DD2A63E2}.AppStore|iPhoneSimulator.Build.0 = AppStore|iPhoneSimulator
		{3F9912F2-10F1-4847-9A5E-F312DD2A63E2}.AppStore|iPhoneSimulator.Deploy.0 = AppStore|iPhoneSimulator
		{3F9912F2-10F1-4847-9A5E-F312DD2A63E2}.AppStore|x64.ActiveCfg = AppStore|iPhone
		{3F9912F2-10F1-4847-9A5E-F312DD2A63E2}.AppStore|x64.Build.0 = AppStore|iPhone
		{3F9912F2-10F1-4847-9A5E-F312DD2A63E2}.AppStore|x64.Deploy.0 = AppStore|iPhone
		{3F9912F2-10F1-4847-9A5E-F312DD2A63E2}.AppStore|x86.ActiveCfg = AppStore|iPhone
		{3F9912F2-10F1-4847-9A5E-F312DD2A63E2}.AppStore|x86.Build.0 = AppStore|iPhone
		{3F9912F2-10F1-4847-9A5E-F312DD2A63E2}.AppStore|x86.Deploy.0 = AppStore|iPhone
		{3F9912F2-10F1-4847-9A5E-F312DD2A63E2}.Debug|Any CPU.ActiveCfg = Debug|iPhoneSimulator
		{3F9912F2-10F1-4847-9A5E-F312DD2A63E2}.Debug|Any CPU.Build.0 = Debug|iPhoneSimulator
		{3F9912F2-10F1-4847-9A5E-F312DD2A63E2}.Debug|Any CPU.Deploy.0 = Debug|iPhoneSimulator
		{3F9912F2-10F1-4847-9A5E-F312DD2A63E2}.Debug|ARM.ActiveCfg = Debug|iPhone
		{3F9912F2-10F1-4847-9A5E-F312DD2A63E2}.Debug|ARM.Build.0 = Debug|iPhone
		{3F9912F2-10F1-4847-9A5E-F312DD2A63E2}.Debug|ARM.Deploy.0 = Debug|iPhone
		{3F9912F2-10F1-4847-9A5E-F312DD2A63E2}.Debug|iPhone.ActiveCfg = Debug|iPhone
		{3F9912F2-10F1-4847-9A5E-F312DD2A63E2}.Debug|iPhone.Build.0 = Debug|iPhone
		{3F9912F2-10F1-4847-9A5E-F312DD2A63E2}.Debug|iPhone.Deploy.0 = Debug|iPhone
		{3F9912F2-10F1-4847-9A5E-F312DD2A63E2}.Debug|iPhoneSimulator.ActiveCfg = Debug|iPhoneSimulator
		{3F9912F2-10F1-4847-9A5E-F312DD2A63E2}.Debug|iPhoneSimulator.Build.0 = Debug|iPhoneSimulator
		{3F9912F2-10F1-4847-9A5E-F312DD2A63E2}.Debug|iPhoneSimulator.Deploy.0 = Debug|iPhoneSimulator
		{3F9912F2-10F1-4847-9A5E-F312DD2A63E2}.Debug|x64.ActiveCfg = Debug|iPhone
		{3F9912F2-10F1-4847-9A5E-F312DD2A63E2}.Debug|x64.Build.0 = Debug|iPhone
		{3F9912F2-10F1-4847-9A5E-F312DD2A63E2}.Debug|x64.Deploy.0 = Debug|iPhone
		{3F9912F2-10F1-4847-9A5E-F312DD2A63E2}.Debug|x86.ActiveCfg = Debug|iPhone
		{3F9912F2-10F1-4847-9A5E-F312DD2A63E2}.Debug|x86.Build.0 = Debug|iPhone
		{3F9912F2-10F1-4847-9A5E-F312DD2A63E2}.Debug|x86.Deploy.0 = Debug|iPhone
		{3F9912F2-10F1-4847-9A5E-F312DD2A63E2}.Release|Any CPU.ActiveCfg = Release|iPhone
		{3F9912F2-10F1-4847-9A5E-F312DD2A63E2}.Release|Any CPU.Build.0 = Release|iPhone
		{3F9912F2-10F1-4847-9A5E-F312DD2A63E2}.Release|Any CPU.Deploy.0 = Release|iPhone
		{3F9912F2-10F1-4847-9A5E-F312DD2A63E2}.Release|ARM.ActiveCfg = Release|iPhone
		{3F9912F2-10F1-4847-9A5E-F312DD2A63E2}.Release|ARM.Build.0 = Release|iPhone
		{3F9912F2-10F1-4847-9A5E-F312DD2A63E2}.Release|ARM.Deploy.0 = Release|iPhone
		{3F9912F2-10F1-4847-9A5E-F312DD2A63E2}.Release|iPhone.ActiveCfg = Release|iPhone
		{3F9912F2-10F1-4847-9A5E-F312DD2A63E2}.Release|iPhone.Build.0 = Release|iPhone
		{3F9912F2-10F1-4847-9A5E-F312DD2A63E2}.Release|iPhone.Deploy.0 = Release|iPhone
		{3F9912F2-10F1-4847-9A5E-F312DD2A63E2}.Release|iPhoneSimulator.ActiveCfg = Release|iPhoneSimulator
		{3F9912F2-10F1-4847-9A5E-F312DD2A63E2}.Release|iPhoneSimulator.Build.0 = Release|iPhoneSimulator
		{3F9912F2-10F1-4847-9A5E-F312DD2A63E2}.Release|iPhoneSimulator.Deploy.0 = Release|iPhoneSimulator
		{3F9912F2-10F1-4847-9A5E-F312DD2A63E2}.Release|x64.ActiveCfg = Release|iPhone
		{3F9912F2-10F1-4847-9A5E-F312DD2A63E2}.Release|x64.Build.0 = Release|iPhone
		{3F9912F2-10F1-4847-9A5E-F312DD2A63E2}.Release|x64.Deploy.0 = Release|iPhone
		{3F9912F2-10F1-4847-9A5E-F312DD2A63E2}.Release|x86.ActiveCfg = Release|iPhone
		{3F9912F2-10F1-4847-9A5E-F312DD2A63E2}.Release|x86.Build.0 = Release|iPhone
		{3F9912F2-10F1-4847-9A5E-F312DD2A63E2}.Release|x86.Deploy.0 = Release|iPhone
		{C45A409A-331F-4BF8-B44B-0C550ED48B7B}.Ad-Hoc|Any CPU.ActiveCfg = Release|x86
		{C45A409A-331F-4BF8-B44B-0C550ED48B7B}.Ad-Hoc|Any CPU.Build.0 = Release|x86
		{C45A409A-331F-4BF8-B44B-0C550ED48B7B}.Ad-Hoc|Any CPU.Deploy.0 = Release|x86
		{C45A409A-331F-4BF8-B44B-0C550ED48B7B}.Ad-Hoc|ARM.ActiveCfg = Release|ARM
		{C45A409A-331F-4BF8-B44B-0C550ED48B7B}.Ad-Hoc|ARM.Build.0 = Release|ARM
		{C45A409A-331F-4BF8-B44B-0C550ED48B7B}.Ad-Hoc|ARM.Deploy.0 = Release|ARM
		{C45A409A-331F-4BF8-B44B-0C550ED48B7B}.Ad-Hoc|iPhone.ActiveCfg = Release|x86
		{C45A409A-331F-4BF8-B44B-0C550ED48B7B}.Ad-Hoc|iPhone.Build.0 = Release|x86
		{C45A409A-331F-4BF8-B44B-0C550ED48B7B}.Ad-Hoc|iPhone.Deploy.0 = Release|x86
		{C45A409A-331F-4BF8-B44B-0C550ED48B7B}.Ad-Hoc|iPhoneSimulator.ActiveCfg = Release|x86
		{C45A409A-331F-4BF8-B44B-0C550ED48B7B}.Ad-Hoc|iPhoneSimulator.Build.0 = Release|x86
		{C45A409A-331F-4BF8-B44B-0C550ED48B7B}.Ad-Hoc|iPhoneSimulator.Deploy.0 = Release|x86
		{C45A409A-331F-4BF8-B44B-0C550ED48B7B}.Ad-Hoc|x64.ActiveCfg = Release|x64
		{C45A409A-331F-4BF8-B44B-0C550ED48B7B}.Ad-Hoc|x64.Build.0 = Release|x64
		{C45A409A-331F-4BF8-B44B-0C550ED48B7B}.Ad-Hoc|x64.Deploy.0 = Release|x64
		{C45A409A-331F-4BF8-B44B-0C550ED48B7B}.Ad-Hoc|x86.ActiveCfg = Release|x86
		{C45A409A-331F-4BF8-B44B-0C550ED48B7B}.Ad-Hoc|x86.Build.0 = Release|x86
		{C45A409A-331F-4BF8-B44B-0C550ED48B7B}.Ad-Hoc|x86.Deploy.0 = Release|x86
		{C45A409A-331F-4BF8-B44B-0C550ED48B7B}.AppStore|Any CPU.ActiveCfg = Release|x86
		{C45A409A-331F-4BF8-B44B-0C550ED48B7B}.AppStore|Any CPU.Build.0 = Release|x86
		{C45A409A-331F-4BF8-B44B-0C550ED48B7B}.AppStore|Any CPU.Deploy.0 = Release|x86
		{C45A409A-331F-4BF8-B44B-0C550ED48B7B}.AppStore|ARM.ActiveCfg = Release|ARM
		{C45A409A-331F-4BF8-B44B-0C550ED48B7B}.AppStore|ARM.Build.0 = Release|ARM
		{C45A409A-331F-4BF8-B44B-0C550ED48B7B}.AppStore|ARM.Deploy.0 = Release|ARM
		{C45A409A-331F-4BF8-B44B-0C550ED48B7B}.AppStore|iPhone.ActiveCfg = Release|x86
		{C45A409A-331F-4BF8-B44B-0C550ED48B7B}.AppStore|iPhone.Build.0 = Release|x86
		{C45A409A-331F-4BF8-B44B-0C550ED48B7B}.AppStore|iPhone.Deploy.0 = Release|x86
		{C45A409A-331F-4BF8-B44B-0C550ED48B7B}.AppStore|iPhoneSimulator.ActiveCfg = Release|x86
		{C45A409A-331F-4BF8-B44B-0C550ED48B7B}.AppStore|iPhoneSimulator.Build.0 = Release|x86
		{C45A409A-331F-4BF8-B44B-0C550ED48B7B}.AppStore|iPhoneSimulator.Deploy.0 = Release|x86
		{C45A409A-331F-4BF8-B44B-0C550ED48B7B}.AppStore|x64.ActiveCfg = Release|x64
		{C45A409A-331F-4BF8-B44B-0C550ED48B7B}.AppStore|x64.Build.0 = Release|x64
		{C45A409A-331F-4BF8-B44B-0C550ED48B7B}.AppStore|x64.Deploy.0 = Release|x64
		{C45A409A-331F-4BF8-B44B-0C550ED48B7B}.AppStore|x86.ActiveCfg = Release|x86
		{C45A409A-331F-4BF8-B44B-0C550ED48B7B}.AppStore|x86.Build.0 = Release|x86
		{C45A409A-331F-4BF8-B44B-0C550ED48B7B}.AppStore|x86.Deploy.0 = Release|x86
		{C45A409A-331F-4BF8-B44B-0C550ED48B7B}.Debug|Any CPU.ActiveCfg = Debug|x86
		{C45A409A-331F-4BF8-B44B-0C550ED48B7B}.Debug|Any CPU.Build.0 = Debug|x86
		{C45A409A-331F-4BF8-B44B-0C550ED48B7B}.Debug|Any CPU.Deploy.0 = Debug|x86
		{C45A409A-331F-4BF8-B44B-0C550ED48B7B}.Debug|ARM.ActiveCfg = Debug|ARM
		{C45A409A-331F-4BF8-B44B-0C550ED48B7B}.Debug|ARM.Build.0 = Debug|ARM
		{C45A409A-331F-4BF8-B44B-0C550ED48B7B}.Debug|ARM.Deploy.0 = Debug|ARM
		{C45A409A-331F-4BF8-B44B-0C550ED48B7B}.Debug|iPhone.ActiveCfg = Debug|x86
		{C45A409A-331F-4BF8-B44B-0C550ED48B7B}.Debug|iPhone.Build.0 = Debug|x86
		{C45A409A-331F-4BF8-B44B-0C550ED48B7B}.Debug|iPhone.Deploy.0 = Debug|x86
		{C45A409A-331F-4BF8-B44B-0C550ED48B7B}.Debug|iPhoneSimulator.ActiveCfg = Debug|x86
		{C45A409A-331F-4BF8-B44B-0C550ED48B7B}.Debug|iPhoneSimulator.Build.0 = Debug|x86
		{C45A409A-331F-4BF8-B44B-0C550ED48B7B}.Debug|iPhoneSimulator.Deploy.0 = Debug|x86
		{C45A409A-331F-4BF8-B44B-0C550ED48B7B}.Debug|x64.ActiveCfg = Debug|x64
		{C45A409A-331F-4BF8-B44B-0C550ED48B7B}.Debug|x64.Build.0 = Debug|x64
		{C45A409A-331F-4BF8-B44B-0C550ED48B7B}.Debug|x64.Deploy.0 = Debug|x64
		{C45A409A-331F-4BF8-B44B-0C550ED48B7B}.Debug|x86.ActiveCfg = Debug|x86
		{C45A409A-331F-4BF8-B44B-0C550ED48B7B}.Debug|x86.Build.0 = Debug|x86
		{C45A409A-331F-4BF8-B44B-0C550ED48B7B}.Debug|x86.Deploy.0 = Debug|x86
		{C45A409A-331F-4BF8-B44B-0C550ED48B7B}.Release|Any CPU.ActiveCfg = Release|x86
		{C45A409A-331F-4BF8-B44B-0C550ED48B7B}.Release|Any CPU.Build.0 = Release|x86
		{C45A409A-331F-4BF8-B44B-0C550ED48B7B}.Release|Any CPU.Deploy.0 = Release|x86
		{C45A409A-331F-4BF8-B44B-0C550ED48B7B}.Release|ARM.ActiveCfg = Release|ARM
		{C45A409A-331F-4BF8-B44B-0C550ED48B7B}.Release|ARM.Build.0 = Release|ARM
		{C45A409A-331F-4BF8-B44B-0C550ED48B7B}.Release|ARM.Deploy.0 = Release|ARM
		{C45A409A-331F-4BF8-B44B-0C550ED48B7B}.Release|iPhone.ActiveCfg = Release|x86
		{C45A409A-331F-4BF8-B44B-0C550ED48B7B}.Release|iPhone.Build.0 = Release|x86
		{C45A409A-331F-4BF8-B44B-0C550ED48B7B}.Release|iPhone.Deploy.0 = Release|x86
		{C45A409A-331F-4BF8-B44B-0C550ED48B7B}.Release|iPhoneSimulator.ActiveCfg = Release|x86
		{C45A409A-331F-4BF8-B44B-0C550ED48B7B}.Release|iPhoneSimulator.Build.0 = Release|x86
		{C45A409A-331F-4BF8-B44B-0C550ED48B7B}.Release|iPhoneSimulator.Deploy.0 = Release|x86
		{C45A409A-331F-4BF8-B44B-0C550ED48B7B}.Release|x64.ActiveCfg = Release|x64
		{C45A409A-331F-4BF8-B44B-0C550ED48B7B}.Release|x64.Build.0 = Release|x64
		{C45A409A-331F-4BF8-B44B-0C550ED48B7B}.Release|x64.Deploy.0 = Release|x64
		{C45A409A-331F-4BF8-B44B-0C550ED48B7B}.Release|x86.ActiveCfg = Release|x86
		{C45A409A-331F-4BF8-B44B-0C550ED48B7B}.Release|x86.Build.0 = Release|x86
		{C45A409A-331F-4BF8-B44B-0C550ED48B7B}.Release|x86.Deploy.0 = Release|x86
		{500550E8-9926-485E-8369-97BABD80C0F2}.Ad-Hoc|Any CPU.ActiveCfg = Debug|Any CPU
		{500550E8-9926-485E-8369-97BABD80C0F2}.Ad-Hoc|Any CPU.Build.0 = Debug|Any CPU
		{500550E8-9926-485E-8369-97BABD80C0F2}.Ad-Hoc|Any CPU.Deploy.0 = Debug|Any CPU
		{500550E8-9926-485E-8369-97BABD80C0F2}.Ad-Hoc|ARM.ActiveCfg = Debug|Any CPU
		{500550E8-9926-485E-8369-97BABD80C0F2}.Ad-Hoc|ARM.Build.0 = Debug|Any CPU
		{500550E8-9926-485E-8369-97BABD80C0F2}.Ad-Hoc|ARM.Deploy.0 = Debug|Any CPU
		{500550E8-9926-485E-8369-97BABD80C0F2}.Ad-Hoc|iPhone.ActiveCfg = Debug|Any CPU
		{500550E8-9926-485E-8369-97BABD80C0F2}.Ad-Hoc|iPhone.Build.0 = Debug|Any CPU
		{500550E8-9926-485E-8369-97BABD80C0F2}.Ad-Hoc|iPhone.Deploy.0 = Debug|Any CPU
		{500550E8-9926-485E-8369-97BABD80C0F2}.Ad-Hoc|iPhoneSimulator.ActiveCfg = Debug|Any CPU
		{500550E8-9926-485E-8369-97BABD80C0F2}.Ad-Hoc|iPhoneSimulator.Build.0 = Debug|Any CPU
		{500550E8-9926-485E-8369-97BABD80C0F2}.Ad-Hoc|iPhoneSimulator.Deploy.0 = Debug|Any CPU
		{500550E8-9926-485E-8369-97BABD80C0F2}.Ad-Hoc|x64.ActiveCfg = Debug|Any CPU
		{500550E8-9926-485E-8369-97BABD80C0F2}.Ad-Hoc|x64.Build.0 = Debug|Any CPU
		{500550E8-9926-485E-8369-97BABD80C0F2}.Ad-Hoc|x64.Deploy.0 = Debug|Any CPU
		{500550E8-9926-485E-8369-97BABD80C0F2}.Ad-Hoc|x86.ActiveCfg = Debug|Any CPU
		{500550E8-9926-485E-8369-97BABD80C0F2}.Ad-Hoc|x86.Build.0 = Debug|Any CPU
		{500550E8-9926-485E-8369-97BABD80C0F2}.Ad-Hoc|x86.Deploy.0 = Debug|Any CPU
		{500550E8-9926-485E-8369-97BABD80C0F2}.AppStore|Any CPU.ActiveCfg = Debug|Any CPU
		{500550E8-9926-485E-8369-97BABD80C0F2}.AppStore|Any CPU.Build.0 = Debug|Any CPU
		{500550E8-9926-485E-8369-97BABD80C0F2}.AppStore|Any CPU.Deploy.0 = Debug|Any CPU
		{500550E8-9926-485E-8369-97BABD80C0F2}.AppStore|ARM.ActiveCfg = Debug|Any CPU
		{500550E8-9926-485E-8369-97BABD80C0F2}.AppStore|ARM.Build.0 = Debug|Any CPU
		{500550E8-9926-485E-8369-97BABD80C0F2}.AppStore|ARM.Deploy.0 = Debug|Any CPU
		{500550E8-9926-485E-8369-97BABD80C0F2}.AppStore|iPhone.ActiveCfg = Debug|Any CPU
		{500550E8-9926-485E-8369-97BABD80C0F2}.AppStore|iPhone.Build.0 = Debug|Any CPU
		{500550E8-9926-485E-8369-97BABD80C0F2}.AppStore|iPhone.Deploy.0 = Debug|Any CPU
		{500550E8-9926-485E-8369-97BABD80C0F2}.AppStore|iPhoneSimulator.ActiveCfg = Debug|Any CPU
		{500550E8-9926-485E-8369-97BABD80C0F2}.AppStore|iPhoneSimulator.Build.0 = Debug|Any CPU
		{500550E8-9926-485E-8369-97BABD80C0F2}.AppStore|iPhoneSimulator.Deploy.0 = Debug|Any CPU
		{500550E8-9926-485E-8369-97BABD80C0F2}.AppStore|x64.ActiveCfg = Debug|Any CPU
		{500550E8-9926-485E-8369-97BABD80C0F2}.AppStore|x64.Build.0 = Debug|Any CPU
		{500550E8-9926-485E-8369-97BABD80C0F2}.AppStore|x64.Deploy.0 = Debug|Any CPU
		{500550E8-9926-485E-8369-97BABD80C0F2}.AppStore|x86.ActiveCfg = Debug|Any CPU
		{500550E8-9926-485E-8369-97BABD80C0F2}.AppStore|x86.Build.0 = Debug|Any CPU
		{500550E8-9926-485E-8369-97BABD80C0F2}.AppStore|x86.Deploy.0 = Debug|Any CPU
		{500550E8-9926-485E-8369-97BABD80C0F2}.Debug|Any CPU.ActiveCfg = Debug|Any CPU
		{500550E8-9926-485E-8369-97BABD80C0F2}.Debug|Any CPU.Build.0 = Debug|Any CPU
		{500550E8-9926-485E-8369-97BABD80C0F2}.Debug|Any CPU.Deploy.0 = Debug|Any CPU
		{500550E8-9926-485E-8369-97BABD80C0F2}.Debug|ARM.ActiveCfg = Debug|Any CPU
		{500550E8-9926-485E-8369-97BABD80C0F2}.Debug|ARM.Build.0 = Debug|Any CPU
		{500550E8-9926-485E-8369-97BABD80C0F2}.Debug|ARM.Deploy.0 = Debug|Any CPU
		{500550E8-9926-485E-8369-97BABD80C0F2}.Debug|iPhone.ActiveCfg = Debug|Any CPU
		{500550E8-9926-485E-8369-97BABD80C0F2}.Debug|iPhone.Build.0 = Debug|Any CPU
		{500550E8-9926-485E-8369-97BABD80C0F2}.Debug|iPhone.Deploy.0 = Debug|Any CPU
		{500550E8-9926-485E-8369-97BABD80C0F2}.Debug|iPhoneSimulator.ActiveCfg = Debug|Any CPU
		{500550E8-9926-485E-8369-97BABD80C0F2}.Debug|iPhoneSimulator.Build.0 = Debug|Any CPU
		{500550E8-9926-485E-8369-97BABD80C0F2}.Debug|iPhoneSimulator.Deploy.0 = Debug|Any CPU
		{500550E8-9926-485E-8369-97BABD80C0F2}.Debug|x64.ActiveCfg = Debug|Any CPU
		{500550E8-9926-485E-8369-97BABD80C0F2}.Debug|x64.Build.0 = Debug|Any CPU
		{500550E8-9926-485E-8369-97BABD80C0F2}.Debug|x64.Deploy.0 = Debug|Any CPU
		{500550E8-9926-485E-8369-97BABD80C0F2}.Debug|x86.ActiveCfg = Debug|Any CPU
		{500550E8-9926-485E-8369-97BABD80C0F2}.Debug|x86.Build.0 = Debug|Any CPU
		{500550E8-9926-485E-8369-97BABD80C0F2}.Debug|x86.Deploy.0 = Debug|Any CPU
		{500550E8-9926-485E-8369-97BABD80C0F2}.Release|Any CPU.ActiveCfg = Release|Any CPU
		{500550E8-9926-485E-8369-97BABD80C0F2}.Release|Any CPU.Build.0 = Release|Any CPU
		{500550E8-9926-485E-8369-97BABD80C0F2}.Release|Any CPU.Deploy.0 = Release|Any CPU
		{500550E8-9926-485E-8369-97BABD80C0F2}.Release|ARM.ActiveCfg = Release|Any CPU
		{500550E8-9926-485E-8369-97BABD80C0F2}.Release|ARM.Build.0 = Release|Any CPU
		{500550E8-9926-485E-8369-97BABD80C0F2}.Release|ARM.Deploy.0 = Release|Any CPU
		{500550E8-9926-485E-8369-97BABD80C0F2}.Release|iPhone.ActiveCfg = Release|Any CPU
		{500550E8-9926-485E-8369-97BABD80C0F2}.Release|iPhone.Build.0 = Release|Any CPU
		{500550E8-9926-485E-8369-97BABD80C0F2}.Release|iPhone.Deploy.0 = Release|Any CPU
		{500550E8-9926-485E-8369-97BABD80C0F2}.Release|iPhoneSimulator.ActiveCfg = Release|Any CPU
		{500550E8-9926-485E-8369-97BABD80C0F2}.Release|iPhoneSimulator.Build.0 = Release|Any CPU
		{500550E8-9926-485E-8369-97BABD80C0F2}.Release|iPhoneSimulator.Deploy.0 = Release|Any CPU
		{500550E8-9926-485E-8369-97BABD80C0F2}.Release|x64.ActiveCfg = Release|Any CPU
		{500550E8-9926-485E-8369-97BABD80C0F2}.Release|x64.Build.0 = Release|Any CPU
		{500550E8-9926-485E-8369-97BABD80C0F2}.Release|x64.Deploy.0 = Release|Any CPU
		{500550E8-9926-485E-8369-97BABD80C0F2}.Release|x86.ActiveCfg = Release|Any CPU
		{500550E8-9926-485E-8369-97BABD80C0F2}.Release|x86.Build.0 = Release|Any CPU
		{500550E8-9926-485E-8369-97BABD80C0F2}.Release|x86.Deploy.0 = Release|Any CPU
	EndGlobalSection
	GlobalSection(SolutionProperties) = preSolution
		HideSolutionNode = FALSE
	EndGlobalSection
	GlobalSection(ExtensibilityGlobals) = postSolution
		SolutionGuid = {97B7FE4C-C27E-4764-8D31-577178DA1475}
	EndGlobalSection
EndGlobal
